
Microsoft Visual Studio Solution File, Format Version 12.00
# Visual Studio Version 16
VisualStudioVersion = 16.0.31019.35
MinimumVisualStudioVersion = 10.0.40219.1
Project("{FAE04EC0-301F-11D3-BF4B-00C04F79EFBC}") = "web410828721(2)", "web410828721(2)\web410828721(2).csproj", "{35D13452-938B-4442-8453-8D9B921F803A}"
EndProject
Global
	GlobalSection(SolutionConfigurationPlatforms) = preSolution
		Debug|Any CPU = Debug|Any CPU
		Release|Any CPU = Release|Any CPU
	EndGlobalSection
	GlobalSection(ProjectConfigurationPlatforms) = postSolution
		{35D13452-938B-4442-8453-8D9B921F803A}.Debug|Any CPU.ActiveCfg = Debug|Any CPU
		{35D13452-938B-4442-8453-8D9B921F803A}.Debug|Any CPU.Build.0 = Debug|Any CPU
		{35D13452-938B-4442-8453-8D9B921F803A}.Release|Any CPU.ActiveCfg = Release|Any CPU
		{35D13452-938B-4442-8453-8D9B921F803A}.Release|Any CPU.Build.0 = Release|Any CPU
	EndGlobalSection
	GlobalSection(SolutionProperties) = preSolution
		HideSolutionNode = FALSE
	EndGlobalSection
	GlobalSection(ExtensibilityGlobals) = postSolution
		SolutionGuid = {95099749-06CF-4004-883D-9CBCB9729F96}
	EndGlobalSection
EndGlobal
